<?xml version="1.0" encoding="UTF-8"?>
<CONFIG>
  <ProjectOptions>
    <Version Value="13"/>
    <PathDelim Value="\"/>
    <General>
      <Flags>
        <SaveOnlyProjectUnits Value="True"/>
        <MainUnitHasCreateFormStatements Value="False"/>
        <MainUnitHasTitleStatement Value="False"/>
        <MainUnitHasScaledStatement Value="False"/>
      </Flags>
      <SessionStorage Value="InProjectDir"/>
      <Title Value="fpcup"/>
      <UseAppBundle Value="False"/>
      <ResourceType Value="res"/>
      <Icon Value="0"/>
      <Resources Count="3">
        <Resource_0 FileName="sources\fpcup.ini" Type="RCDATA" ResourceName="FPCUP_INI"/>
        <Resource_1 FileName="sources\settings.ini" Type="RCDATA" ResourceName="SETTINGS_INI"/>
        <Resource_2 FileName="patches\patchfpc\glibc_compat_3_2_2.patch" Type="RCDATA" ResourceName="GLIBC_COMPAT_3_2_2"/>
      </Resources>
    </General>
    <i18n>
      <EnableI18N LFM="False"/>
    </i18n>
    <MacroValues Count="1">
      <Macro1 Name="LCLWidgetType" Value="nogui"/>
    </MacroValues>
    <BuildModes>
      <Item Name="Default" Default="True"/>
      <Item Name="Debug">
        <MacroValues Count="1">
          <Macro1 Name="LCLWidgetType" Value="nogui"/>
        </MacroValues>
        <CompilerOptions>
          <Version Value="11"/>
          <PathDelim Value="\"/>
          <Target>
            <Filename Value="upbin\debug-fpcup-$(TargetCPU)-$(TargetOS)"/>
          </Target>
          <SearchPaths>
            <IncludeFiles Value="$(ProjOutDir);sources;sources\up;dcpcrypt\Ciphers"/>
            <OtherUnitFiles Value="sources;sources\up;sources\crossinstallers;synaser;dcpcrypt\Hashes;dcpcrypt;dcpcrypt\Ciphers"/>
            <UnitOutputDirectory Value="buildlibs\$NameOnly($(ProjFile))\$NameOnly($Project(InfoFile))\$(TargetCPU)-$(TargetOS)"/>
          </SearchPaths>
          <Conditionals Value="if TargetOS = &apos;darwin&apos; then begin
  UsageCustomOptions += &apos; -k-macosx_version_min -k10.6&apos;;
  UsageCustomOptions += &apos; -XR/Developer/SDKs/MacOSX10.6.sdk/&apos;;
end;"/>
          <Parsing>
            <SyntaxOptions>
              <IncludeAssertionCode Value="True"/>
            </SyntaxOptions>
          </Parsing>
          <CodeGeneration>
            <Checks>
              <IOChecks Value="True"/>
              <OverflowChecks Value="True"/>
              <StackChecks Value="True"/>
            </Checks>
            <VerifyObjMethodCallValidity Value="True"/>
            <Optimizations>
              <OptimizationLevel Value="0"/>
            </Optimizations>
          </CodeGeneration>
          <Other>
            <WriteFPCLogo Value="False"/>
            <CustomOptions Value="-dDEBUG -dFPCONLY"/>
            <ExecuteBefore>
              <CompileReasons Run="False"/>
            </ExecuteBefore>
          </Other>
        </CompilerOptions>
      </Item>
      <Item Name="win32">
        <MacroValues Count="1">
          <Macro1 Name="LCLWidgetType" Value="nogui"/>
        </MacroValues>
        <CompilerOptions>
          <Version Value="11"/>
          <PathDelim Value="\"/>
          <Target>
            <Filename Value="upbin\fpcup-$(TargetCPU)-$(TargetOS)"/>
          </Target>
          <SearchPaths>
            <IncludeFiles Value="$(ProjOutDir);sources;sources\up;dcpcrypt\Ciphers"/>
            <OtherUnitFiles Value="sources;sources\up;sources\crossinstallers;synaser;dcpcrypt\Hashes;dcpcrypt;dcpcrypt\Ciphers"/>
            <UnitOutputDirectory Value="buildlibs\$NameOnly($(ProjFile))\$NameOnly($Project(InfoFile))\$(TargetCPU)-$(TargetOS)"/>
          </SearchPaths>
          <CodeGeneration>
            <SmartLinkUnit Value="True"/>
            <TargetCPU Value="i386"/>
            <TargetOS Value="win32"/>
            <Optimizations>
              <OptimizationLevel Value="2"/>
            </Optimizations>
          </CodeGeneration>
          <Linking>
            <Debugging>
              <GenerateDebugInfo Value="False"/>
              <UseExternalDbgSyms Value="True"/>
            </Debugging>
            <LinkSmart Value="True"/>
          </Linking>
          <Other>
            <WriteFPCLogo Value="False"/>
            <CustomOptions Value="-dFPCONLY"/>
            <ExecuteBefore>
              <CompileReasons Run="False"/>
            </ExecuteBefore>
          </Other>
        </CompilerOptions>
      </Item>
      <Item Name="win64">
        <MacroValues Count="1">
          <Macro1 Name="LCLWidgetType" Value="nogui"/>
        </MacroValues>
        <CompilerOptions>
          <Version Value="11"/>
          <PathDelim Value="\"/>
          <Target>
            <Filename Value="upbin\fpcup-$(TargetCPU)-$(TargetOS)"/>
          </Target>
          <SearchPaths>
            <IncludeFiles Value="$(ProjOutDir);sources;sources\up;dcpcrypt\Ciphers"/>
            <OtherUnitFiles Value="sources;sources\up;sources\crossinstallers;synaser;dcpcrypt\Hashes;dcpcrypt;dcpcrypt\Ciphers"/>
            <UnitOutputDirectory Value="buildlibs\$NameOnly($(ProjFile))\$NameOnly($Project(InfoFile))\$(TargetCPU)-$(TargetOS)"/>
          </SearchPaths>
          <CodeGeneration>
            <SmartLinkUnit Value="True"/>
            <TargetCPU Value="x86_64"/>
            <TargetOS Value="win64"/>
            <Optimizations>
              <OptimizationLevel Value="2"/>
            </Optimizations>
          </CodeGeneration>
          <Linking>
            <Debugging>
              <GenerateDebugInfo Value="False"/>
              <StripSymbols Value="True"/>
              <UseExternalDbgSyms Value="True"/>
            </Debugging>
            <LinkSmart Value="True"/>
          </Linking>
          <Other>
            <WriteFPCLogo Value="False"/>
            <CustomOptions Value="-dFPCONLY"/>
            <ExecuteBefore>
              <CompileReasons Run="False"/>
            </ExecuteBefore>
          </Other>
        </CompilerOptions>
      </Item>
      <Item Name="win64arm64">
        <MacroValues Count="1">
          <Macro1 Name="LCLWidgetType" Value="nogui"/>
        </MacroValues>
        <CompilerOptions>
          <Version Value="11"/>
          <PathDelim Value="\"/>
          <Target>
            <Filename Value="upbin\fpcup-$(TargetCPU)-$(TargetOS)"/>
          </Target>
          <SearchPaths>
            <IncludeFiles Value="$(ProjOutDir);sources;sources\up;dcpcrypt\Ciphers"/>
            <OtherUnitFiles Value="sources;sources\up;sources\crossinstallers;synaser;dcpcrypt\Hashes;dcpcrypt;dcpcrypt\Ciphers"/>
            <UnitOutputDirectory Value="buildlibs\$NameOnly($(ProjFile))\$NameOnly($Project(InfoFile))\$(TargetCPU)-$(TargetOS)"/>
          </SearchPaths>
          <CodeGeneration>
            <TargetCPU Value="aarch64"/>
            <TargetOS Value="win64"/>
          </CodeGeneration>
          <Linking>
            <Debugging>
              <DebugInfoType Value="dsDwarf3"/>
            </Debugging>
          </Linking>
          <Other>
            <WriteFPCLogo Value="False"/>
            <CustomOptions Value="-dFPCONLY -dDEBUG"/>
            <ExecuteBefore>
              <CompileReasons Run="False"/>
            </ExecuteBefore>
          </Other>
        </CompilerOptions>
      </Item>
      <Item Name="linuxi386">
        <MacroValues Count="1">
          <Macro1 Name="LCLWidgetType" Value="nogui"/>
        </MacroValues>
        <CompilerOptions>
          <Version Value="11"/>
          <PathDelim Value="\"/>
          <Target>
            <Filename Value="upbin\fpcup-$(TargetCPU)-$(TargetOS)"/>
          </Target>
          <SearchPaths>
            <IncludeFiles Value="$(ProjOutDir);sources;sources\up;dcpcrypt\Ciphers"/>
            <OtherUnitFiles Value="sources;sources\up;sources\crossinstallers;synaser;dcpcrypt\Hashes;dcpcrypt;dcpcrypt\Ciphers"/>
            <UnitOutputDirectory Value="buildlibs\$NameOnly($(ProjFile))\$NameOnly($Project(InfoFile))\$(TargetCPU)-$(TargetOS)"/>
          </SearchPaths>
          <CodeGeneration>
            <SmartLinkUnit Value="True"/>
            <TargetCPU Value="i386"/>
            <TargetOS Value="linux"/>
            <Optimizations>
              <OptimizationLevel Value="2"/>
            </Optimizations>
          </CodeGeneration>
          <Linking>
            <Debugging>
              <GenerateDebugInfo Value="False"/>
              <StripSymbols Value="True"/>
              <UseExternalDbgSyms Value="True"/>
            </Debugging>
            <LinkSmart Value="True"/>
          </Linking>
          <Other>
            <WriteFPCLogo Value="False"/>
            <CustomOptions Value="-dFPCONLY"/>
            <ExecuteBefore>
              <CompileReasons Run="False"/>
            </ExecuteBefore>
          </Other>
        </CompilerOptions>
      </Item>
      <Item Name="linux64">
        <MacroValues Count="1">
          <Macro1 Name="LCLWidgetType" Value="nogui"/>
        </MacroValues>
        <CompilerOptions>
          <Version Value="11"/>
          <PathDelim Value="\"/>
          <Target>
            <Filename Value="upbin\fpcup-$(TargetCPU)-$(TargetOS)"/>
          </Target>
          <SearchPaths>
            <IncludeFiles Value="$(ProjOutDir);sources;sources\up;dcpcrypt\Ciphers"/>
            <OtherUnitFiles Value="sources;sources\up;sources\crossinstallers;synaser;dcpcrypt\Hashes;dcpcrypt;dcpcrypt\Ciphers"/>
            <UnitOutputDirectory Value="buildlibs\$NameOnly($(ProjFile))\$NameOnly($Project(InfoFile))\$(TargetCPU)-$(TargetOS)"/>
          </SearchPaths>
          <CodeGeneration>
            <SmartLinkUnit Value="True"/>
            <TargetCPU Value="x86_64"/>
            <TargetOS Value="linux"/>
            <Optimizations>
              <OptimizationLevel Value="2"/>
            </Optimizations>
          </CodeGeneration>
          <Linking>
            <Debugging>
              <GenerateDebugInfo Value="False"/>
              <StripSymbols Value="True"/>
              <UseExternalDbgSyms Value="True"/>
            </Debugging>
            <LinkSmart Value="True"/>
          </Linking>
          <Other>
            <WriteFPCLogo Value="False"/>
            <CustomOptions Value="-dFPCONLY"/>
            <ExecuteBefore>
              <CompileReasons Run="False"/>
            </ExecuteBefore>
          </Other>
        </CompilerOptions>
      </Item>
      <Item Name="linuxaarch64">
        <MacroValues Count="1">
          <Macro1 Name="LCLWidgetType" Value="nogui"/>
        </MacroValues>
        <CompilerOptions>
          <Version Value="11"/>
          <PathDelim Value="\"/>
          <Target>
            <Filename Value="upbin\fpcup-$(TargetCPU)-$(TargetOS)"/>
          </Target>
          <SearchPaths>
            <IncludeFiles Value="$(ProjOutDir);sources;sources\up;dcpcrypt\Ciphers"/>
            <OtherUnitFiles Value="sources;sources\up;sources\crossinstallers;synaser;dcpcrypt\Hashes;dcpcrypt;dcpcrypt\Ciphers"/>
            <UnitOutputDirectory Value="buildlibs\$NameOnly($(ProjFile))\$NameOnly($Project(InfoFile))\$(TargetCPU)-$(TargetOS)"/>
          </SearchPaths>
          <CodeGeneration>
            <SmartLinkUnit Value="True"/>
            <TargetCPU Value="aarch64"/>
            <TargetOS Value="linux"/>
            <Optimizations>
              <OptimizationLevel Value="2"/>
            </Optimizations>
          </CodeGeneration>
          <Linking>
            <Debugging>
              <GenerateDebugInfo Value="False"/>
              <StripSymbols Value="True"/>
              <UseExternalDbgSyms Value="True"/>
            </Debugging>
            <LinkSmart Value="True"/>
          </Linking>
          <Other>
            <WriteFPCLogo Value="False"/>
            <CustomOptions Value="-dFPCONLY"/>
            <ExecuteBefore>
              <CompileReasons Run="False"/>
            </ExecuteBefore>
          </Other>
        </CompilerOptions>
      </Item>
      <Item Name="freebsdi386">
        <MacroValues Count="1">
          <Macro1 Name="LCLWidgetType" Value="nogui"/>
        </MacroValues>
        <CompilerOptions>
          <Version Value="11"/>
          <PathDelim Value="\"/>
          <Target>
            <Filename Value="upbin\fpcup-$(TargetCPU)-$(TargetOS)"/>
          </Target>
          <SearchPaths>
            <IncludeFiles Value="$(ProjOutDir);sources;sources\up;dcpcrypt\Ciphers"/>
            <OtherUnitFiles Value="sources;sources\up;sources\crossinstallers;synaser;dcpcrypt\Hashes;dcpcrypt;dcpcrypt\Ciphers"/>
            <UnitOutputDirectory Value="buildlibs\$NameOnly($(ProjFile))\$NameOnly($Project(InfoFile))\$(TargetCPU)-$(TargetOS)"/>
          </SearchPaths>
          <CodeGeneration>
            <SmartLinkUnit Value="True"/>
            <TargetCPU Value="i386"/>
            <TargetOS Value="freebsd"/>
            <Optimizations>
              <OptimizationLevel Value="2"/>
            </Optimizations>
          </CodeGeneration>
          <Linking>
            <Debugging>
              <GenerateDebugInfo Value="False"/>
              <StripSymbols Value="True"/>
              <UseExternalDbgSyms Value="True"/>
            </Debugging>
            <LinkSmart Value="True"/>
          </Linking>
          <Other>
            <WriteFPCLogo Value="False"/>
            <CustomOptions Value="-dFPCONLY"/>
            <ExecuteBefore>
              <CompileReasons Run="False"/>
            </ExecuteBefore>
          </Other>
        </CompilerOptions>
      </Item>
      <Item Name="freebsdx64">
        <MacroValues Count="1">
          <Macro1 Name="LCLWidgetType" Value="nogui"/>
        </MacroValues>
        <CompilerOptions>
          <Version Value="11"/>
          <PathDelim Value="\"/>
          <Target>
            <Filename Value="upbin\fpcup-$(TargetCPU)-$(TargetOS)"/>
          </Target>
          <SearchPaths>
            <IncludeFiles Value="$(ProjOutDir);sources;sources\up;dcpcrypt\Ciphers"/>
            <OtherUnitFiles Value="sources;sources\up;sources\crossinstallers;synaser;dcpcrypt\Hashes;dcpcrypt;dcpcrypt\Ciphers"/>
            <UnitOutputDirectory Value="buildlibs\$NameOnly($(ProjFile))\$NameOnly($Project(InfoFile))\$(TargetCPU)-$(TargetOS)"/>
          </SearchPaths>
          <CodeGeneration>
            <SmartLinkUnit Value="True"/>
            <TargetCPU Value="x86_64"/>
            <TargetOS Value="freebsd"/>
            <Optimizations>
              <OptimizationLevel Value="2"/>
            </Optimizations>
          </CodeGeneration>
          <Linking>
            <Debugging>
              <GenerateDebugInfo Value="False"/>
              <StripSymbols Value="True"/>
              <UseExternalDbgSyms Value="True"/>
            </Debugging>
            <LinkSmart Value="True"/>
          </Linking>
          <Other>
            <WriteFPCLogo Value="False"/>
            <CustomOptions Value="-dFPCONLY"/>
            <ExecuteBefore>
              <CompileReasons Run="False"/>
            </ExecuteBefore>
          </Other>
        </CompilerOptions>
      </Item>
      <Item Name="linuxppc64">
        <MacroValues Count="1">
          <Macro1 Name="LCLWidgetType" Value="nogui"/>
        </MacroValues>
        <CompilerOptions>
          <Version Value="11"/>
          <PathDelim Value="\"/>
          <Target>
            <Filename Value="upbin\fpcup-$(TargetCPU)le-$(TargetOS)"/>
          </Target>
          <SearchPaths>
            <IncludeFiles Value="$(ProjOutDir);sources;sources\up;dcpcrypt\Ciphers"/>
            <OtherUnitFiles Value="sources;sources\up;sources\crossinstallers;synaser;dcpcrypt\Hashes;dcpcrypt;dcpcrypt\Ciphers"/>
            <UnitOutputDirectory Value="buildlibs\$NameOnly($(ProjFile))\$NameOnly($Project(InfoFile))\$(TargetCPU)-$(TargetOS)"/>
          </SearchPaths>
          <CodeGeneration>
            <SmartLinkUnit Value="True"/>
            <TargetCPU Value="powerpc64"/>
            <TargetOS Value="linux"/>
            <Optimizations>
              <OptimizationLevel Value="2"/>
            </Optimizations>
          </CodeGeneration>
          <Linking>
            <Debugging>
              <GenerateDebugInfo Value="False"/>
              <StripSymbols Value="True"/>
              <UseExternalDbgSyms Value="True"/>
            </Debugging>
            <LinkSmart Value="True"/>
          </Linking>
          <Other>
            <WriteFPCLogo Value="False"/>
            <CustomOptions Value="-dFPCONLY"/>
            <ExecuteBefore>
              <CompileReasons Run="False"/>
            </ExecuteBefore>
          </Other>
        </CompilerOptions>
      </Item>
      <Item Name="linuxarmhf">
        <MacroValues Count="1">
          <Macro1 Name="LCLWidgetType" Value="nogui"/>
        </MacroValues>
        <CompilerOptions>
          <Version Value="11"/>
          <PathDelim Value="\"/>
          <Target>
            <Filename Value="upbin\fpcup-$(TargetCPU)-$(TargetOS)"/>
          </Target>
          <SearchPaths>
            <IncludeFiles Value="$(ProjOutDir);sources;sources\up;dcpcrypt\Ciphers"/>
            <OtherUnitFiles Value="sources;sources\up;sources\crossinstallers;synaser;dcpcrypt\Hashes;dcpcrypt;dcpcrypt\Ciphers"/>
            <UnitOutputDirectory Value="buildlibs\$NameOnly($(ProjFile))\$NameOnly($Project(InfoFile))\$(TargetCPU)-$(TargetOS)"/>
          </SearchPaths>
          <CodeGeneration>
            <SmartLinkUnit Value="True"/>
            <TargetCPU Value="arm"/>
            <TargetOS Value="linux"/>
            <Optimizations>
              <OptimizationLevel Value="2"/>
            </Optimizations>
          </CodeGeneration>
          <Linking>
            <Debugging>
              <GenerateDebugInfo Value="False"/>
              <StripSymbols Value="True"/>
              <UseExternalDbgSyms Value="True"/>
            </Debugging>
            <LinkSmart Value="True"/>
          </Linking>
          <Other>
            <WriteFPCLogo Value="False"/>
            <CustomOptions Value="-CpARMV6 -CfVFPV2 -CaEABIHF -dFPCONLY"/>
            <ExecuteBefore>
              <CompileReasons Run="False"/>
            </ExecuteBefore>
          </Other>
        </CompilerOptions>
      </Item>
      <Item Name="darwinx64">
        <MacroValues Count="1">
          <Macro1 Name="LCLWidgetType" Value="nogui"/>
        </MacroValues>
        <CompilerOptions>
          <Version Value="11"/>
          <PathDelim Value="\"/>
          <Target>
            <Filename Value="upbin\fpcup-$(TargetCPU)-$(TargetOS)"/>
          </Target>
          <SearchPaths>
            <IncludeFiles Value="$(ProjOutDir);sources;sources\up;dcpcrypt\Ciphers"/>
            <OtherUnitFiles Value="sources;sources\up;sources\crossinstallers;synaser;dcpcrypt\Hashes;dcpcrypt;dcpcrypt\Ciphers"/>
            <UnitOutputDirectory Value="buildlibs\$NameOnly($(ProjFile))\$NameOnly($Project(InfoFile))\$(TargetCPU)-$(TargetOS)"/>
          </SearchPaths>
          <CodeGeneration>
            <SmartLinkUnit Value="True"/>
            <TargetCPU Value="x86_64"/>
            <TargetOS Value="darwin"/>
            <Optimizations>
              <OptimizationLevel Value="2"/>
            </Optimizations>
          </CodeGeneration>
          <Linking>
            <Debugging>
              <GenerateDebugInfo Value="False"/>
              <StripSymbols Value="True"/>
              <UseExternalDbgSyms Value="True"/>
            </Debugging>
            <LinkSmart Value="True"/>
          </Linking>
          <Other>
            <WriteFPCLogo Value="False"/>
            <CustomOptions Value="-dFPCONLY"/>
            <ExecuteBefore>
              <CompileReasons Run="False"/>
            </ExecuteBefore>
          </Other>
        </CompilerOptions>
      </Item>
      <Item Name="darwinarm64">
        <MacroValues Count="1">
          <Macro1 Name="LCLWidgetType" Value="nogui"/>
        </MacroValues>
        <CompilerOptions>
          <Version Value="11"/>
          <PathDelim Value="\"/>
          <Target>
            <Filename Value="upbin\fpcup-$(TargetCPU)-$(TargetOS)"/>
          </Target>
          <SearchPaths>
            <IncludeFiles Value="$(ProjOutDir);sources;sources\up;dcpcrypt\Ciphers"/>
            <OtherUnitFiles Value="sources;sources\up;sources\crossinstallers;synaser;dcpcrypt\Hashes;dcpcrypt;dcpcrypt\Ciphers"/>
            <UnitOutputDirectory Value="buildlibs\$NameOnly($(ProjFile))\$NameOnly($Project(InfoFile))\$(TargetCPU)-$(TargetOS)"/>
          </SearchPaths>
          <CodeGeneration>
            <SmartLinkUnit Value="True"/>
            <TargetCPU Value="aarch64"/>
            <TargetOS Value="darwin"/>
            <Optimizations>
              <OptimizationLevel Value="2"/>
            </Optimizations>
          </CodeGeneration>
          <Linking>
            <Debugging>
              <GenerateDebugInfo Value="False"/>
              <StripSymbols Value="True"/>
              <UseExternalDbgSyms Value="True"/>
            </Debugging>
            <LinkSmart Value="True"/>
          </Linking>
          <Other>
            <WriteFPCLogo Value="False"/>
            <CustomOptions Value="-dFPCONLY"/>
            <ExecuteBefore>
              <CompileReasons Run="False"/>
            </ExecuteBefore>
          </Other>
        </CompilerOptions>
      </Item>
      <Item Name="darwini386">
        <MacroValues Count="1">
          <Macro1 Name="LCLWidgetType" Value="nogui"/>
        </MacroValues>
        <CompilerOptions>
          <Version Value="11"/>
          <PathDelim Value="\"/>
          <Target>
            <Filename Value="upbin\fpcup-$(TargetCPU)-$(TargetOS)"/>
          </Target>
          <SearchPaths>
            <IncludeFiles Value="$(ProjOutDir);sources;sources\up;dcpcrypt\Ciphers"/>
            <OtherUnitFiles Value="sources;sources\up;sources\crossinstallers;synaser;dcpcrypt\Hashes;dcpcrypt;dcpcrypt\Ciphers"/>
            <UnitOutputDirectory Value="buildlibs\$NameOnly($(ProjFile))\$NameOnly($Project(InfoFile))\$(TargetCPU)-$(TargetOS)"/>
          </SearchPaths>
          <CodeGeneration>
            <SmartLinkUnit Value="True"/>
            <TargetCPU Value="i386"/>
            <TargetOS Value="darwin"/>
            <Optimizations>
              <OptimizationLevel Value="2"/>
            </Optimizations>
          </CodeGeneration>
          <Linking>
            <Debugging>
              <GenerateDebugInfo Value="False"/>
              <StripSymbols Value="True"/>
              <UseExternalDbgSyms Value="True"/>
            </Debugging>
            <LinkSmart Value="True"/>
          </Linking>
          <Other>
            <WriteFPCLogo Value="False"/>
            <CustomOptions Value="-dFPCONLY"/>
            <ExecuteBefore>
              <CompileReasons Run="False"/>
            </ExecuteBefore>
          </Other>
        </CompilerOptions>
      </Item>
      <Item Name="darwinppc">
        <MacroValues Count="1">
          <Macro1 Name="LCLWidgetType" Value="nogui"/>
        </MacroValues>
        <CompilerOptions>
          <Version Value="11"/>
          <PathDelim Value="\"/>
          <Target>
            <Filename Value="upbin\fpcup-$(TargetCPU)-$(TargetOS)"/>
          </Target>
          <SearchPaths>
            <IncludeFiles Value="$(ProjOutDir);sources;sources\up;dcpcrypt\Ciphers"/>
            <OtherUnitFiles Value="sources;sources\up;sources\crossinstallers;synaser;dcpcrypt\Hashes;dcpcrypt;dcpcrypt\Ciphers"/>
            <UnitOutputDirectory Value="buildlibs\$NameOnly($(ProjFile))\$NameOnly($Project(InfoFile))\$(TargetCPU)-$(TargetOS)"/>
          </SearchPaths>
          <CodeGeneration>
            <SmartLinkUnit Value="True"/>
            <TargetCPU Value="powerpc"/>
            <TargetOS Value="darwin"/>
            <Optimizations>
              <OptimizationLevel Value="2"/>
            </Optimizations>
          </CodeGeneration>
          <Linking>
            <Debugging>
              <GenerateDebugInfo Value="False"/>
              <StripSymbols Value="True"/>
              <UseExternalDbgSyms Value="True"/>
            </Debugging>
            <LinkSmart Value="True"/>
          </Linking>
          <Other>
            <WriteFPCLogo Value="False"/>
            <CustomOptions Value="-dFPCONLY"/>
            <ExecuteBefore>
              <CompileReasons Run="False"/>
            </ExecuteBefore>
          </Other>
        </CompilerOptions>
      </Item>
      <Item Name="darwinppc64">
        <MacroValues Count="1">
          <Macro1 Name="LCLWidgetType" Value="nogui"/>
        </MacroValues>
        <CompilerOptions>
          <Version Value="11"/>
          <PathDelim Value="\"/>
          <Target>
            <Filename Value="upbin\fpcup-$(TargetCPU)-$(TargetOS)"/>
          </Target>
          <SearchPaths>
            <IncludeFiles Value="$(ProjOutDir);sources;sources\up;dcpcrypt\Ciphers"/>
            <OtherUnitFiles Value="sources;sources\up;sources\crossinstallers;synaser;dcpcrypt\Hashes;dcpcrypt;dcpcrypt\Ciphers"/>
            <UnitOutputDirectory Value="buildlibs\$NameOnly($(ProjFile))\$NameOnly($Project(InfoFile))\$(TargetCPU)-$(TargetOS)"/>
          </SearchPaths>
          <CodeGeneration>
            <SmartLinkUnit Value="True"/>
            <TargetCPU Value="powerpc64"/>
            <TargetOS Value="darwin"/>
            <Optimizations>
              <OptimizationLevel Value="2"/>
            </Optimizations>
          </CodeGeneration>
          <Linking>
            <Debugging>
              <GenerateDebugInfo Value="False"/>
              <StripSymbols Value="True"/>
              <UseExternalDbgSyms Value="True"/>
            </Debugging>
            <LinkSmart Value="True"/>
          </Linking>
          <Other>
            <WriteFPCLogo Value="False"/>
            <CustomOptions Value="-dFPCONLY"/>
            <ExecuteBefore>
              <CompileReasons Run="False"/>
            </ExecuteBefore>
          </Other>
        </CompilerOptions>
      </Item>
      <Item Name="openbsdx64">
        <MacroValues Count="1">
          <Macro1 Name="LCLWidgetType" Value="nogui"/>
        </MacroValues>
        <CompilerOptions>
          <Version Value="11"/>
          <PathDelim Value="\"/>
          <Target>
            <Filename Value="upbin\fpcup-$(TargetCPU)-$(TargetOS)"/>
          </Target>
          <SearchPaths>
            <IncludeFiles Value="$(ProjOutDir);sources;sources\up;dcpcrypt\Ciphers"/>
            <OtherUnitFiles Value="sources;sources\up;sources\crossinstallers;synaser;dcpcrypt\Hashes;dcpcrypt;dcpcrypt\Ciphers"/>
            <UnitOutputDirectory Value="buildlibs\$NameOnly($(ProjFile))\$NameOnly($Project(InfoFile))\$(TargetCPU)-$(TargetOS)"/>
          </SearchPaths>
          <CodeGeneration>
            <SmartLinkUnit Value="True"/>
            <TargetCPU Value="x86_64"/>
            <TargetOS Value="openbsd"/>
            <Optimizations>
              <OptimizationLevel Value="2"/>
            </Optimizations>
          </CodeGeneration>
          <Linking>
            <Debugging>
              <GenerateDebugInfo Value="False"/>
              <StripSymbols Value="True"/>
              <UseExternalDbgSyms Value="True"/>
            </Debugging>
            <LinkSmart Value="True"/>
          </Linking>
          <Other>
            <WriteFPCLogo Value="False"/>
            <CustomOptions Value="-dFPCONLY"/>
            <ExecuteBefore>
              <CompileReasons Run="False"/>
            </ExecuteBefore>
          </Other>
        </CompilerOptions>
      </Item>
      <Item Name="openbsdi386">
        <MacroValues Count="1">
          <Macro1 Name="LCLWidgetType" Value="nogui"/>
        </MacroValues>
        <CompilerOptions>
          <Version Value="11"/>
          <PathDelim Value="\"/>
          <Target>
            <Filename Value="upbin\fpcup-$(TargetCPU)-$(TargetOS)"/>
          </Target>
          <SearchPaths>
            <IncludeFiles Value="$(ProjOutDir);sources;sources\up;dcpcrypt\Ciphers"/>
            <OtherUnitFiles Value="sources;sources\up;sources\crossinstallers;synaser;dcpcrypt\Hashes;dcpcrypt;dcpcrypt\Ciphers"/>
            <UnitOutputDirectory Value="buildlibs\$NameOnly($(ProjFile))\$NameOnly($Project(InfoFile))\$(TargetCPU)-$(TargetOS)"/>
          </SearchPaths>
          <CodeGeneration>
            <SmartLinkUnit Value="True"/>
            <TargetCPU Value="i386"/>
            <TargetOS Value="openbsd"/>
            <Optimizations>
              <OptimizationLevel Value="2"/>
            </Optimizations>
          </CodeGeneration>
          <Linking>
            <Debugging>
              <GenerateDebugInfo Value="False"/>
              <StripSymbols Value="True"/>
              <UseExternalDbgSyms Value="True"/>
            </Debugging>
            <LinkSmart Value="True"/>
          </Linking>
          <Other>
            <WriteFPCLogo Value="False"/>
            <CustomOptions Value="-dFPCONLY"/>
            <ExecuteBefore>
              <CompileReasons Run="False"/>
            </ExecuteBefore>
          </Other>
        </CompilerOptions>
      </Item>
      <SharedMatrixOptions Count="1">
        <Item1 ID="233755810855" Modes="Default,Debug,win32,win64,linuxi386,linux64,linuxaarch64,freebsdi386,freebsdx64,linuxppc64,linuxarmhf,darwinx64,darwinarm64,darwini386,darwinppc,darwinppc64,win64arm64,openbsdx64,openbsdi386" Type="IDEMacro" MacroName="LCLWidgetType" Value="nogui"/>
      </SharedMatrixOptions>
    </BuildModes>
    <PublishOptions>
      <Version Value="2"/>
    </PublishOptions>
    <RunParams>
      <local>
        <CommandLineParams Value="--verbose"/>
      </local>
      <FormatVersion Value="2"/>
      <Modes>
        <Mode Name="default">
          <local>
            <CommandLineParams Value="--verbose"/>
          </local>
        </Mode>
        <Mode Name="docker">
          <local>
            <CommandLineParams Value="--installdir=&quot;C:\fpcupsystems\yolo3&quot; --fpcsplit --fpcURL=&quot;gitlab&quot; --fpcRevision=&quot;777d536d&quot; --lazVersion=&quot;trunk.gitlab&quot;"/>
          </local>
        </Mode>
      </Modes>
    </RunParams>
    <RequiredPackages>
      <Item>
        <PackageName Value="LCLBase"/>
      </Item>
      <Item>
        <PackageName Value="LazUtils"/>
      </Item>
    </RequiredPackages>
    <Units>
      <Unit>
        <Filename Value="fpcup.lpr"/>
        <IsPartOfProject Value="True"/>
      </Unit>
    </Units>
  </ProjectOptions>
  <CompilerOptions>
    <Version Value="11"/>
    <PathDelim Value="\"/>
    <Target>
      <Filename Value="upbin\fpcup-$(TargetCPU)-$(TargetOS)"/>
    </Target>
    <SearchPaths>
      <IncludeFiles Value="$(ProjOutDir);sources;sources\up;dcpcrypt\Ciphers"/>
      <OtherUnitFiles Value="sources;sources\up;sources\crossinstallers;synaser;dcpcrypt\Hashes;dcpcrypt;dcpcrypt\Ciphers"/>
      <UnitOutputDirectory Value="buildlibs\$NameOnly($(ProjFile))\$NameOnly($Project(InfoFile))\$(TargetCPU)-$(TargetOS)"/>
    </SearchPaths>
    <Conditionals Value="if TargetOS = &apos;darwin&apos; then begin
  UsageCustomOptions += &apos; -k-macosx_version_min -k10.6&apos;;
  UsageCustomOptions += &apos; -XR/Developer/SDKs/MacOSX10.6.sdk/&apos;;
end;"/>
    <CodeGeneration>
      <SmartLinkUnit Value="True"/>
      <Optimizations>
        <OptimizationLevel Value="2"/>
      </Optimizations>
    </CodeGeneration>
    <Linking>
      <Debugging>
        <GenerateDebugInfo Value="False"/>
        <UseExternalDbgSyms Value="True"/>
      </Debugging>
      <LinkSmart Value="True"/>
    </Linking>
    <Other>
      <WriteFPCLogo Value="False"/>
      <CustomOptions Value="-dFPCONLY"/>
      <ExecuteBefore>
        <CompileReasons Run="False"/>
      </ExecuteBefore>
    </Other>
  </CompilerOptions>
  <Debugging>
    <Exceptions>
      <Item>
        <Name Value="EAbort"/>
      </Item>
      <Item>
        <Name Value="ECodetoolError"/>
      </Item>
      <Item>
        <Name Value="EFOpenError"/>
      </Item>
      <Item>
        <Name Value="EProcess"/>
      </Item>
      <Item>
        <Name Value="ECommandLineError"/>
      </Item>
      <Item>
        <Name Value="EInOutError"/>
      </Item>
    </Exceptions>
  </Debugging>
</CONFIG>
